// !$*UTF8*$!
{
	archiveVersion = 1;
	classes = {
	};
	objectVersion = 50;
	objects = {

/* Begin PBXBuildFile section */
		FE7FE70724159BEF00DF8B48 /* main.cpp in Sources */ = {isa = PBXBuildFile; fileRef = FE7FE70624159BEF00DF8B48 /* main.cpp */; };
/* End PBXBuildFile section */

/* Begin PBXFileReference section */
		FE7FE70324159BEF00DF8B48 /* Snake */ = {isa = PBXFileReference; explicitFileType = "compiled.mach-o.executable"; includeInIndex = 0; path = Snake; sourceTree = BUILT_PRODUCTS_DIR; };
		FE7FE70624159BEF00DF8B48 /* main.cpp */ = {isa = PBXFileReference; lastKnownFileType = sourcecode.cpp.cpp; path = main.cpp; sourceTree = "<group>"; };
		FE7FE70924159BEF00DF8B48 /* cute_image.jpg */ = {isa = PBXFileReference; lastKnownFileType = image.jpeg; name = cute_image.jpg; path = ../cute_image.jpg; sourceTree = "<group>"; };
		FE7FE70A24159BEF00DF8B48 /* nice_music.ogg */ = {isa = PBXFileReference; lastKnownFileType = file; name = nice_music.ogg; path = ../nice_music.ogg; sourceTree = "<group>"; };
		FE7FE70B24159BEF00DF8B48 /* sansation.ttf */ = {isa = PBXFileReference; lastKnownFileType = file; name = sansation.ttf; path = ../sansation.ttf; sourceTree = "<group>"; };
		FE7FE70C24159BEF00DF8B48 /* icon.png */ = {isa = PBXFileReference; lastKnownFileType = image.png; name = icon.png; path = ../icon.png; sourceTree = "<group>"; };
/* End PBXFileReference section */

/* Begin PBXFrameworksBuildPhase section */
		FE7FE70124159BEF00DF8B48 /* Frameworks */ = {
			isa = PBXFrameworksBuildPhase;
			buildActionMask = 2147483647;
			files = (
			);
			runOnlyForDeploymentPostprocessing = 0;
		};
/* End PBXFrameworksBuildPhase section */

/* Begin PBXGroup section */
		FE7FE6FB24159BEF00DF8B48 = {
			isa = PBXGroup;
			children = (
				FE7FE70524159BEF00DF8B48 /* Snake */,
				FE7FE70424159BEF00DF8B48 /* Products */,
			);
			sourceTree = "<group>";
		};
		FE7FE70424159BEF00DF8B48 /* Products */ = {
			isa = PBXGroup;
			children = (
				FE7FE70324159BEF00DF8B48 /* Snake */,
			);
			name = Products;
			sourceTree = "<group>";
		};
		FE7FE70524159BEF00DF8B48 /* Snake */ = {
			isa = PBXGroup;
			children = (
				FE7FE70624159BEF00DF8B48 /* main.cpp */,
				FE7FE70824159BEF00DF8B48 /* Resources */,
			);
			path = Snake;
			sourceTree = "<group>";
		};
		FE7FE70824159BEF00DF8B48 /* Resources */ = {
			isa = PBXGroup;
			children = (
				FE7FE70924159BEF00DF8B48 /* cute_image.jpg */,
				FE7FE70A24159BEF00DF8B48 /* nice_music.ogg */,
				FE7FE70B24159BEF00DF8B48 /* sansation.ttf */,
				FE7FE70C24159BEF00DF8B48 /* icon.png */,
			);
			path = Resources;
			sourceTree = "<group>";
		};
/* End PBXGroup section */

/* Begin PBXNativeTarget section */
		FE7FE70224159BEF00DF8B48 /* Snake */ = {
			isa = PBXNativeTarget;
			buildConfigurationList = FE7FE70F24159BEF00DF8B48 /* Build configuration list for PBXNativeTarget "Snake" */;
			buildPhases = (
				FE7FE70024159BEF00DF8B48 /* Sources */,
				FE7FE70124159BEF00DF8B48 /* Frameworks */,
			);
			buildRules = (
			);
			dependencies = (
			);
			name = Snake;
			productName = Snake;
			productReference = FE7FE70324159BEF00DF8B48 /* Snake */;
			productType = "com.apple.product-type.tool";
		};
/* End PBXNativeTarget section */

/* Begin PBXProject section */
		FE7FE6FC24159BEF00DF8B48 /* Project object */ = {
			isa = PBXProject;
			attributes = {
				LastUpgradeCheck = 1130;
				ORGANIZATIONNAME = "Haley Lai";
				TargetAttributes = {
					FE7FE70224159BEF00DF8B48 = {
						CreatedOnToolsVersion = 11.3.1;
					};
				};
			};
			buildConfigurationList = FE7FE6FF24159BEF00DF8B48 /* Build configuration list for PBXProject "Snake" */;
			compatibilityVersion = "Xcode 9.3";
			developmentRegion = en;
			hasScannedForEncodings = 0;
			knownRegions = (
				en,
				Base,
			);
			mainGroup = FE7FE6FB24159BEF00DF8B48;
			productRefGroup = FE7FE70424159BEF00DF8B48 /* Products */;
			projectDirPath = "";
			projectRoot = "";
			targets = (
				FE7FE70224159BEF00DF8B48 /* Snake */,
			);
		};
/* End PBXProject section */

/* Begin PBXSourcesBuildPhase section */
		FE7FE70024159BEF00DF8B48 /* Sources */ = {
			isa = PBXSourcesBuildPhase;
			buildActionMask = 2147483647;
			files = (
				FE7FE70724159BEF00DF8B48 /* main.cpp in Sources */,
			);
			runOnlyForDeploymentPostprocessing = 0;
		};
/* End PBXSourcesBuildPhase section */

/* Begin XCBuildConfiguration section */
		FE7FE70D24159BEF00DF8B48 /* Debug */ = {
			isa = XCBuildConfiguration;
			buildSettings = {
				ARCHS = "$(NATIVE_ARCH_ACTUAL)";
				CLANG_CXX_LANGUAGE_STANDARD = "c++11";
				CLANG_CXX_LIBRARY = "libc++";
				FRAMEWORK_SEARCH_PATHS = (
					/Library/Frameworks/,
					"$(inherited)",
				);
				GCC_VERSION = com.apple.compilers.llvm.clang.1_0;
				HEADER_SEARCH_PATHS = (
					/usr/local/include/,
					"$(inherited)",
				);
				LIBRARY_SEARCH_PATHS = (
					/usr/local/lib/,
					"$(inherited)",
				);
				MACOSX_DEPLOYMENT_TARGET = 10.7;
				OTHER_LDFLAGS = (
					"$(inherited)",
					"$(SFML_SYSTEM)",
					"$(SFML_WINDOW)",
					"$(SFML_GRAPHICS)",
					"$(SFML_AUDIO)",
					"$(SFML_NETWORK)",
				);
				SFML_AUDIO = "";
				SFML_BINARY_TYPE = FRAMEWORKS;
				SFML_GRAPHICS = "$(SFML_LINK_PREFIX) sfml-graphics$(SFML_LINK_SUFFIX)";
				SFML_LINK_DYLIBS_PREFIX = "-l";
				SFML_LINK_DYLIBS_SUFFIX = "";
				SFML_LINK_FRAMEWORKS_PREFIX = "-framework";
				SFML_LINK_FRAMEWORKS_SUFFIX = "";
				SFML_LINK_PREFIX = "$(SFML_LINK_$(SFML_BINARY_TYPE)_PREFIX)";
				SFML_LINK_SUFFIX = "$(SFML_LINK_$(SFML_BINARY_TYPE)_SUFFIX)";
				SFML_NETWORK = "";
				SFML_SYSTEM = "$(SFML_LINK_PREFIX) sfml-system$(SFML_LINK_SUFFIX)";
				SFML_WINDOW = "$(SFML_LINK_PREFIX) sfml-window$(SFML_LINK_SUFFIX)";
				SUPPORTED_PLATFORMS = macosx;
			};
			name = Debug;
		};
		FE7FE70E24159BEF00DF8B48 /* Release */ = {
			isa = XCBuildConfiguration;
			buildSettings = {
				ARCHS = "$(NATIVE_ARCH_ACTUAL)";
				CLANG_CXX_LANGUAGE_STANDARD = "c++11";
				CLANG_CXX_LIBRARY = "libc++";
				FRAMEWORK_SEARCH_PATHS = (
					/Library/Frameworks/,
					"$(inherited)",
				);
				GCC_VERSION = com.apple.compilers.llvm.clang.1_0;
				HEADER_SEARCH_PATHS = (
					/usr/local/include/,
					"$(inherited)",
				);
				LIBRARY_SEARCH_PATHS = (
					/usr/local/lib/,
					"$(inherited)",
				);
				MACOSX_DEPLOYMENT_TARGET = 10.7;
				OTHER_LDFLAGS = (
					"$(inherited)",
					"$(SFML_SYSTEM)",
					"$(SFML_WINDOW)",
					"$(SFML_GRAPHICS)",
					"$(SFML_AUDIO)",
					"$(SFML_NETWORK)",
				);
				SFML_AUDIO = "";
				SFML_BINARY_TYPE = FRAMEWORKS;
				SFML_GRAPHICS = "$(SFML_LINK_PREFIX) sfml-graphics$(SFML_LINK_SUFFIX)";
				SFML_LINK_DYLIBS_PREFIX = "-l";
				SFML_LINK_DYLIBS_SUFFIX = "";
				SFML_LINK_FRAMEWORKS_PREFIX = "-framework";
				SFML_LINK_FRAMEWORKS_SUFFIX = "";
				SFML_LINK_PREFIX = "$(SFML_LINK_$(SFML_BINARY_TYPE)_PREFIX)";
				SFML_LINK_SUFFIX = "$(SFML_LINK_$(SFML_BINARY_TYPE)_SUFFIX)";
				SFML_NETWORK = "";
				SFML_SYSTEM = "$(SFML_LINK_PREFIX) sfml-system$(SFML_LINK_SUFFIX)";
				SFML_WINDOW = "$(SFML_LINK_PREFIX) sfml-window$(SFML_LINK_SUFFIX)";
				SUPPORTED_PLATFORMS = macosx;
			};
			name = Release;
		};
		FE7FE71024159BEF00DF8B48 /* Debug */ = {
			isa = XCBuildConfiguration;
			buildSettings = {
				CODE_SIGN_STYLE = Automatic;
				PRODUCT_NAME = "$(TARGET_NAME)";
			};
			name = Debug;
		};
		FE7FE71124159BEF00DF8B48 /* Release */ = {
			isa = XCBuildConfiguration;
			buildSettings = {
				CODE_SIGN_STYLE = Automatic;
				PRODUCT_NAME = "$(TARGET_NAME)";
			};
			name = Release;
		};
/* End XCBuildConfiguration section */

/* Begin XCConfigurationList section */
		FE7FE6FF24159BEF00DF8B48 /* Build configuration list for PBXProject "Snake" */ = {
			isa = XCConfigurationList;
			buildConfigurations = (
				FE7FE70D24159BEF00DF8B48 /* Debug */,
				FE7FE70E24159BEF00DF8B48 /* Release */,
			);
			defaultConfigurationIsVisible = 0;
			defaultConfigurationName = Release;
		};
		FE7FE70F24159BEF00DF8B48 /* Build configuration list for PBXNativeTarget "Snake" */ = {
			isa = XCConfigurationList;
			buildConfigurations = (
				FE7FE71024159BEF00DF8B48 /* Debug */,
				FE7FE71124159BEF00DF8B48 /* Release */,
			);
			defaultConfigurationIsVisible = 0;
			defaultConfigurationName = Release;
		};
/* End XCConfigurationList section */
	};
	rootObject = FE7FE6FC24159BEF00DF8B48 /* Project object */;
}
